dependencies:
- name: proxy
  repository: file://charts/proxy
  version: 0.1.2
- name: java-coordinator
  repository: file://charts/java-coordinator
  version: 0.1.1
- name: integration-console
  repository: file://charts/integration-console
  version: 0.1.1
- name: schema-migrator
  repository: file://charts/schema-migrator
  version: 0.1.0
- name: atheros-sensor
  repository: file://charts/atheros-sensor
  version: 0.1.1
- name: postgres
  repository: file://charts/postgres
  version: 0.1.2
- name: redpanda
  repository: file://charts/redpanda
  version: 0.1.1
- name: minio
  repository: file://charts/minio
  version: 0.1.1
- name: redis
  repository: file://charts/redis
  version: 0.1.1
- name: telemetry
  repository: file://charts/telemetry
  version: 0.1.1
- name: vec-worker
  repository: file://charts/vec-worker
  version: 0.1.0
- name: atheros-search
  repository: file://charts/atheros-search
  version: 0.1.0
digest: sha256:df52a7d62e95edaee06bdc67e7369ea5a9602344c4857e6417636b262d20a154
generated: "2026-07-16T10:29:55.656247-04:00"
