dependencies:
- name: proxy
  repository: file://charts/proxy
  version: 0.1.1
- name: java-coordinator
  repository: file://charts/java-coordinator
  version: 0.1.1
- name: integration-console
  repository: file://charts/integration-console
  version: 0.1.1
- name: atheros-sensor
  repository: file://charts/atheros-sensor
  version: 0.1.1
- name: postgres
  repository: file://charts/postgres
  version: 0.1.1
- name: redpanda
  repository: file://charts/redpanda
  version: 0.1.1
- name: minio
  repository: file://charts/minio
  version: 0.1.1
- name: redis
  repository: file://charts/redis
  version: 0.1.1
- name: telemetry
  repository: file://charts/telemetry
  version: 0.1.1
- name: vec-worker
  repository: file://charts/vec-worker
  version: 0.1.0
- name: atheros-search
  repository: file://charts/atheros-search
  version: 0.1.0
digest: sha256:e45fd7d91e1576ccbd901f8451c5d225e1a23b621a01d42792b2c9eecaa8a408
generated: "2026-07-14T21:46:19.072336-04:00"
